
Microsoft Visual Studio Solution File, Format Version 12.00
# Visual Studio 15
VisualStudioVersion = 15.0.27130.2026
MinimumVisualStudioVersion = 10.0.40219.1
Project("{9A19103F-16F7-4668-BE54-9A1E7A4F7556}") = "SSMessage", "SSMessage\SSMessage.csproj", "{842C56C1-E95A-4CD0-B623-7AB41901120D}"
EndProject
Project("{FAE04EC0-301F-11D3-BF4B-00C04F79EFBC}") = "SSMessage.IdentityServer", "SSMessage.IdentityServer\SSMessage.IdentityServer.csproj", "{EA8027B1-BCA8-4199-A30A-222653867105}"
EndProject
Global
	GlobalSection(SolutionConfigurationPlatforms) = preSolution
		Debug|Any CPU = Debug|Any CPU
		Release|Any CPU = Release|Any CPU
	EndGlobalSection
	GlobalSection(ProjectConfigurationPlatforms) = postSolution
		{842C56C1-E95A-4CD0-B623-7AB41901120D}.Debug|Any CPU.ActiveCfg = Debug|Any CPU
		{842C56C1-E95A-4CD0-B623-7AB41901120D}.Debug|Any CPU.Build.0 = Debug|Any CPU
		{842C56C1-E95A-4CD0-B623-7AB41901120D}.Release|Any CPU.ActiveCfg = Release|Any CPU
		{842C56C1-E95A-4CD0-B623-7AB41901120D}.Release|Any CPU.Build.0 = Release|Any CPU
		{EA8027B1-BCA8-4199-A30A-222653867105}.Debug|Any CPU.ActiveCfg = Debug|Any CPU
		{EA8027B1-BCA8-4199-A30A-222653867105}.Debug|Any CPU.Build.0 = Debug|Any CPU
		{EA8027B1-BCA8-4199-A30A-222653867105}.Release|Any CPU.ActiveCfg = Release|Any CPU
		{EA8027B1-BCA8-4199-A30A-222653867105}.Release|Any CPU.Build.0 = Release|Any CPU
	EndGlobalSection
	GlobalSection(SolutionProperties) = preSolution
		HideSolutionNode = FALSE
	EndGlobalSection
	GlobalSection(ExtensibilityGlobals) = postSolution
		SolutionGuid = {83085D0B-AE32-4799-9CC2-740DF5982D40}
	EndGlobalSection
EndGlobal
