
Microsoft Visual Studio Solution File, Format Version 12.00
# Visual Studio 15
VisualStudioVersion = 15.0.27130.2026
MinimumVisualStudioVersion = 10.0.40219.1
Project("{9A19103F-16F7-4668-BE54-9A1E7A4F7556}") = "SSMessage.IdentityServer", "SSMessage.IdentityServer\SSMessage.IdentityServer.csproj", "{EA8027B1-BCA8-4199-A30A-222653867105}"
EndProject
Project("{9A19103F-16F7-4668-BE54-9A1E7A4F7556}") = "SSMessage", "SSMessage\SSMessage.csproj", "{1835524A-0594-48B7-B7BA-C36C4B0A8943}"
EndProject
Global
	GlobalSection(SolutionConfigurationPlatforms) = preSolution
		Debug|Any CPU = Debug|Any CPU
		Debug|ARM = Debug|ARM
		Debug|x64 = Debug|x64
		Debug|x86 = Debug|x86
		Release|Any CPU = Release|Any CPU
		Release|ARM = Release|ARM
		Release|x64 = Release|x64
		Release|x86 = Release|x86
	EndGlobalSection
	GlobalSection(ProjectConfigurationPlatforms) = postSolution
		{EA8027B1-BCA8-4199-A30A-222653867105}.Debug|Any CPU.ActiveCfg = Debug|Any CPU
		{EA8027B1-BCA8-4199-A30A-222653867105}.Debug|Any CPU.Build.0 = Debug|Any CPU
		{EA8027B1-BCA8-4199-A30A-222653867105}.Debug|ARM.ActiveCfg = Debug|Any CPU
		{EA8027B1-BCA8-4199-A30A-222653867105}.Debug|ARM.Build.0 = Debug|Any CPU
		{EA8027B1-BCA8-4199-A30A-222653867105}.Debug|x64.ActiveCfg = Debug|Any CPU
		{EA8027B1-BCA8-4199-A30A-222653867105}.Debug|x64.Build.0 = Debug|Any CPU
		{EA8027B1-BCA8-4199-A30A-222653867105}.Debug|x86.ActiveCfg = Debug|Any CPU
		{EA8027B1-BCA8-4199-A30A-222653867105}.Debug|x86.Build.0 = Debug|Any CPU
		{EA8027B1-BCA8-4199-A30A-222653867105}.Release|Any CPU.ActiveCfg = Release|Any CPU
		{EA8027B1-BCA8-4199-A30A-222653867105}.Release|Any CPU.Build.0 = Release|Any CPU
		{EA8027B1-BCA8-4199-A30A-222653867105}.Release|ARM.ActiveCfg = Release|Any CPU
		{EA8027B1-BCA8-4199-A30A-222653867105}.Release|ARM.Build.0 = Release|Any CPU
		{EA8027B1-BCA8-4199-A30A-222653867105}.Release|x64.ActiveCfg = Release|Any CPU
		{EA8027B1-BCA8-4199-A30A-222653867105}.Release|x64.Build.0 = Release|Any CPU
		{EA8027B1-BCA8-4199-A30A-222653867105}.Release|x86.ActiveCfg = Release|Any CPU
		{EA8027B1-BCA8-4199-A30A-222653867105}.Release|x86.Build.0 = Release|Any CPU
		{1835524A-0594-48B7-B7BA-C36C4B0A8943}.Debug|Any CPU.ActiveCfg = Debug|Any CPU
		{1835524A-0594-48B7-B7BA-C36C4B0A8943}.Debug|Any CPU.Build.0 = Debug|Any CPU
		{1835524A-0594-48B7-B7BA-C36C4B0A8943}.Debug|ARM.ActiveCfg = Debug|Any CPU
		{1835524A-0594-48B7-B7BA-C36C4B0A8943}.Debug|ARM.Build.0 = Debug|Any CPU
		{1835524A-0594-48B7-B7BA-C36C4B0A8943}.Debug|x64.ActiveCfg = Debug|Any CPU
		{1835524A-0594-48B7-B7BA-C36C4B0A8943}.Debug|x64.Build.0 = Debug|Any CPU
		{1835524A-0594-48B7-B7BA-C36C4B0A8943}.Debug|x86.ActiveCfg = Debug|Any CPU
		{1835524A-0594-48B7-B7BA-C36C4B0A8943}.Debug|x86.Build.0 = Debug|Any CPU
		{1835524A-0594-48B7-B7BA-C36C4B0A8943}.Release|Any CPU.ActiveCfg = Release|Any CPU
		{1835524A-0594-48B7-B7BA-C36C4B0A8943}.Release|Any CPU.Build.0 = Release|Any CPU
		{1835524A-0594-48B7-B7BA-C36C4B0A8943}.Release|ARM.ActiveCfg = Release|Any CPU
		{1835524A-0594-48B7-B7BA-C36C4B0A8943}.Release|ARM.Build.0 = Release|Any CPU
		{1835524A-0594-48B7-B7BA-C36C4B0A8943}.Release|x64.ActiveCfg = Release|Any CPU
		{1835524A-0594-48B7-B7BA-C36C4B0A8943}.Release|x64.Build.0 = Release|Any CPU
		{1835524A-0594-48B7-B7BA-C36C4B0A8943}.Release|x86.ActiveCfg = Release|Any CPU
		{1835524A-0594-48B7-B7BA-C36C4B0A8943}.Release|x86.Build.0 = Release|Any CPU
	EndGlobalSection
	GlobalSection(SolutionProperties) = preSolution
		HideSolutionNode = FALSE
	EndGlobalSection
	GlobalSection(ExtensibilityGlobals) = postSolution
		SolutionGuid = {83085D0B-AE32-4799-9CC2-740DF5982D40}
	EndGlobalSection
EndGlobal
